
Microsoft Visual Studio Solution File, Format Version 12.00
# Visual Studio Version 16
VisualStudioVersion = 25.0.1704.3
MinimumVisualStudioVersion = 10.0.40219.1
Project("{FAE04EC0-301F-11D3-BF4B-00C04F79EFBC}") = "task1", "task1\task1.csproj", "{CE8FD082-5177-4C4B-99D9-4D8AA2C9AEE3}"
EndProject
Global
	GlobalSection(SolutionConfigurationPlatforms) = preSolution
		Debug|Any CPU = Debug|Any CPU
		Release|Any CPU = Release|Any CPU
	EndGlobalSection
	GlobalSection(ProjectConfigurationPlatforms) = postSolution
		{CE8FD082-5177-4C4B-99D9-4D8AA2C9AEE3}.Debug|Any CPU.ActiveCfg = Debug|Any CPU
		{CE8FD082-5177-4C4B-99D9-4D8AA2C9AEE3}.Debug|Any CPU.Build.0 = Debug|Any CPU
		{CE8FD082-5177-4C4B-99D9-4D8AA2C9AEE3}.Release|Any CPU.ActiveCfg = Release|Any CPU
		{CE8FD082-5177-4C4B-99D9-4D8AA2C9AEE3}.Release|Any CPU.Build.0 = Release|Any CPU
	EndGlobalSection
	GlobalSection(SolutionProperties) = preSolution
		HideSolutionNode = FALSE
	EndGlobalSection
	GlobalSection(ExtensibilityGlobals) = postSolution
		SolutionGuid = {BA376019-2FDE-4C24-92DC-1C619B516D48}
	EndGlobalSection
EndGlobal
