
Microsoft Visual Studio Solution File, Format Version 12.00
# Visual Studio Version 16
VisualStudioVersion = 25.0.1704.3
MinimumVisualStudioVersion = 10.0.40219.1
Project("{FAE04EC0-301F-11D3-BF4B-00C04F79EFBC}") = "task2", "task2\task2.csproj", "{CE70DF14-F888-42B3-BB10-3E7FCC09493E}"
EndProject
Global
	GlobalSection(SolutionConfigurationPlatforms) = preSolution
		Debug|Any CPU = Debug|Any CPU
		Release|Any CPU = Release|Any CPU
	EndGlobalSection
	GlobalSection(ProjectConfigurationPlatforms) = postSolution
		{CE70DF14-F888-42B3-BB10-3E7FCC09493E}.Debug|Any CPU.ActiveCfg = Debug|Any CPU
		{CE70DF14-F888-42B3-BB10-3E7FCC09493E}.Debug|Any CPU.Build.0 = Debug|Any CPU
		{CE70DF14-F888-42B3-BB10-3E7FCC09493E}.Release|Any CPU.ActiveCfg = Release|Any CPU
		{CE70DF14-F888-42B3-BB10-3E7FCC09493E}.Release|Any CPU.Build.0 = Release|Any CPU
	EndGlobalSection
	GlobalSection(SolutionProperties) = preSolution
		HideSolutionNode = FALSE
	EndGlobalSection
	GlobalSection(ExtensibilityGlobals) = postSolution
		SolutionGuid = {9F1C466C-6B47-4658-95B5-8D798E9E1EDE}
	EndGlobalSection
EndGlobal
